<?xml version="1.0" encoding="UTF-8" standalone="yes" ?>
<CodeBlocks_project_file>
	<FileVersion major="1" minor="6" />
	<Project>
		<Option title="console" />
		<Option pch_mode="2" />
		<Option compiler="tdm64" />
		<Build>
			<Target title="console32-debug">
				<Option output="../creek32-debug" prefix_auto="1" extension_auto="1" />
				<Option working_dir="../" />
				<Option object_output="obj/console32-debug/" />
				<Option type="1" />
				<Option compiler="tdm64" />
				<Compiler>
					<Add option="-m32" />
					<Add option="-g" />
					<Add option="-DCREEK_DEBUG" />
				</Compiler>
				<Linker>
					<Add option="-m32" />
					<Add library="../libcreek32-debug.a" />
				</Linker>
			</Target>
			<Target title="console32-release">
				<Option output="../creek32" prefix_auto="1" extension_auto="1" />
				<Option working_dir="../" />
				<Option object_output="obj/console32-release/" />
				<Option type="1" />
				<Option compiler="tdm64" />
				<Option use_console_runner="0" />
				<Compiler>
					<Add option="-O2" />
					<Add option="-m32" />
					<Add option="-DNDEBUG" />
				</Compiler>
				<Linker>
					<Add option="-s" />
					<Add option="-m32" />
					<Add library="../libcreek32.a" />
				</Linker>
			</Target>
		</Build>
		<Compiler>
			<Add option="-Wall" />
			<Add option="-std=c++11" />
			<Add directory="../../src" />
		</Compiler>
		<Linker>
			<Add directory="../" />
		</Linker>
		<Unit filename="../console.cpp" />
		<Extensions>
			<code_completion />
			<envvars />
			<debugger />
		</Extensions>
	</Project>
</CodeBlocks_project_file>
