<?xml version="1.0" encoding="UTF-8" standalone="yes" ?>
<CodeBlocks_project_file>
	<FileVersion major="1" minor="6" />
	<Project>
		<Option title="dll" />
		<Option pch_mode="2" />
		<Option compiler="tdm64" />
		<Build>
			<Target title="dll-debug">
				<Option output="../creek-debug" imp_lib="$(TARGET_OUTPUT_DIR)$(TARGET_OUTPUT_BASENAME).a" def_file="$(TARGET_OUTPUT_DIR)$(TARGET_OUTPUT_BASENAME).def" prefix_auto="1" extension_auto="1" />
				<Option working_dir="../" />
				<Option object_output="obj/dll-debug/" />
				<Option type="3" />
				<Option compiler="tdm64" />
				<Option createDefFile="1" />
				<Option createStaticLib="1" />
				<Compiler>
					<Add option="-g" />
					<Add option="-DCREEK_BUILDING" />
					<Add option="-DCREEK_DEBUG" />
				</Compiler>
			</Target>
			<Target title="dll-release">
				<Option output="../creek" imp_lib="$(TARGET_OUTPUT_DIR)$(TARGET_OUTPUT_BASENAME).a" def_file="$(TARGET_OUTPUT_DIR)$(TARGET_OUTPUT_BASENAME).def" prefix_auto="1" extension_auto="1" />
				<Option working_dir="../" />
				<Option object_output="obj/dll-debug/" />
				<Option type="3" />
				<Option compiler="tdm64" />
				<Option createDefFile="1" />
				<Option createStaticLib="1" />
				<Compiler>
					<Add option="-g" />
					<Add option="-DCREEK_BUILDING" />
					<Add option="-DNDEBUG" />
				</Compiler>
			</Target>
		</Build>
		<Compiler>
			<Add option="-std=c++11" />
			<Add directory="../../src" />
		</Compiler>
		<Linker>
			<Add directory="." />
		</Linker>
		<Unit filename="../../src/creek/Boolean.cpp" />
		<Unit filename="../../src/creek/Boolean.hpp" />
		<Unit filename="../../src/creek/CFunction.cpp" />
		<Unit filename="../../src/creek/CFunction.hpp" />
		<Unit filename="../../src/creek/Data.cpp" />
		<Unit filename="../../src/creek/Data.hpp" />
		<Unit filename="../../src/creek/DynCFunction.cpp" />
		<Unit filename="../../src/creek/DynCFunction.hpp" />
		<Unit filename="../../src/creek/DynLibrary.cpp" />
		<Unit filename="../../src/creek/DynLibrary.hpp" />
		<Unit filename="../../src/creek/Exception.cpp" />
		<Unit filename="../../src/creek/Exception.hpp" />
		<Unit filename="../../src/creek/Expression.cpp" />
		<Unit filename="../../src/creek/Expression.hpp" />
		<Unit filename="../../src/creek/Expression_Arithmetic.cpp" />
		<Unit filename="../../src/creek/Expression_Arithmetic.hpp" />
		<Unit filename="../../src/creek/Expression_Bitwise.cpp" />
		<Unit filename="../../src/creek/Expression_Bitwise.hpp" />
		<Unit filename="../../src/creek/Expression_Boolean.cpp" />
		<Unit filename="../../src/creek/Expression_Boolean.hpp" />
		<Unit filename="../../src/creek/Expression_Comparison.cpp" />
		<Unit filename="../../src/creek/Expression_Comparison.hpp" />
		<Unit filename="../../src/creek/Expression_ControlFlow.cpp" />
		<Unit filename="../../src/creek/Expression_ControlFlow.hpp" />
		<Unit filename="../../src/creek/Expression_DataTypes.cpp" />
		<Unit filename="../../src/creek/Expression_DataTypes.hpp" />
		<Unit filename="../../src/creek/Expression_Debug.cpp" />
		<Unit filename="../../src/creek/Expression_Debug.hpp" />
		<Unit filename="../../src/creek/Expression_DynLoad.cpp" />
		<Unit filename="../../src/creek/Expression_DynLoad.hpp" />
		<Unit filename="../../src/creek/Expression_General.cpp" />
		<Unit filename="../../src/creek/Expression_General.hpp" />
		<Unit filename="../../src/creek/Expression_Variable.cpp" />
		<Unit filename="../../src/creek/Expression_Variable.hpp" />
		<Unit filename="../../src/creek/Function.cpp" />
		<Unit filename="../../src/creek/Function.hpp" />
		<Unit filename="../../src/creek/GlobalScope.cpp" />
		<Unit filename="../../src/creek/GlobalScope.hpp" />
		<Unit filename="../../src/creek/Identifier.cpp" />
		<Unit filename="../../src/creek/Identifier.hpp" />
		<Unit filename="../../src/creek/Interpreter.cpp" />
		<Unit filename="../../src/creek/Interpreter.hpp" />
		<Unit filename="../../src/creek/Null.cpp" />
		<Unit filename="../../src/creek/Null.hpp" />
		<Unit filename="../../src/creek/Number.cpp" />
		<Unit filename="../../src/creek/Number.hpp" />
		<Unit filename="../../src/creek/Object.cpp" />
		<Unit filename="../../src/creek/Object.hpp" />
		<Unit filename="../../src/creek/Resolver.cpp" />
		<Unit filename="../../src/creek/Resolver.hpp" />
		<Unit filename="../../src/creek/Scope.cpp" />
		<Unit filename="../../src/creek/Scope.hpp" />
		<Unit filename="../../src/creek/StandardLibrary.cpp" />
		<Unit filename="../../src/creek/StandardLibrary.hpp" />
		<Unit filename="../../src/creek/String.cpp" />
		<Unit filename="../../src/creek/String.hpp" />
		<Unit filename="../../src/creek/Token.cpp" />
		<Unit filename="../../src/creek/Token.hpp" />
		<Unit filename="../../src/creek/VarName.cpp" />
		<Unit filename="../../src/creek/VarName.hpp" />
		<Unit filename="../../src/creek/Variable.cpp" />
		<Unit filename="../../src/creek/Variable.hpp" />
		<Unit filename="../../src/creek/Vector.cpp" />
		<Unit filename="../../src/creek/Vector.hpp" />
		<Unit filename="../../src/creek/Void.cpp" />
		<Unit filename="../../src/creek/Void.hpp" />
		<Unit filename="../../src/creek/api_mode.hpp" />
		<Unit filename="../../src/creek/creek.cpp" />
		<Unit filename="../../src/creek/creek.hpp" />
		<Unit filename="../../src/creek/utility.cpp" />
		<Unit filename="../../src/creek/utility.hpp" />
		<Extensions>
			<code_completion />
			<envvars />
			<debugger />
			<lib_finder disable_auto="1" />
		</Extensions>
	</Project>
</CodeBlocks_project_file>
